
Microsoft Visual Studio Solution File, Format Version 12.00
# Visual Studio Version 16
VisualStudioVersion = 16.0.29911.84
MinimumVisualStudioVersion = 10.0.40219.1
Project("{FAE04EC0-301F-11D3-BF4B-00C04F79EFBC}") = "TestTabellina", "TestTabellina\TestTabellina.csproj", "{CBD19F6A-5DF1-4C57-92A8-A49F385666FA}"
EndProject
Project("{FAE04EC0-301F-11D3-BF4B-00C04F79EFBC}") = "libreriaTAbellina", "libreriaTAbellina\libreriaTAbellina.csproj", "{78FD1B80-809A-44DD-8964-E7FD05AB0AA8}"
EndProject
Global
	GlobalSection(SolutionConfigurationPlatforms) = preSolution
		Debug|Any CPU = Debug|Any CPU
		Release|Any CPU = Release|Any CPU
	EndGlobalSection
	GlobalSection(ProjectConfigurationPlatforms) = postSolution
		{CBD19F6A-5DF1-4C57-92A8-A49F385666FA}.Debug|Any CPU.ActiveCfg = Debug|Any CPU
		{CBD19F6A-5DF1-4C57-92A8-A49F385666FA}.Debug|Any CPU.Build.0 = Debug|Any CPU
		{CBD19F6A-5DF1-4C57-92A8-A49F385666FA}.Release|Any CPU.ActiveCfg = Release|Any CPU
		{CBD19F6A-5DF1-4C57-92A8-A49F385666FA}.Release|Any CPU.Build.0 = Release|Any CPU
		{78FD1B80-809A-44DD-8964-E7FD05AB0AA8}.Debug|Any CPU.ActiveCfg = Debug|Any CPU
		{78FD1B80-809A-44DD-8964-E7FD05AB0AA8}.Debug|Any CPU.Build.0 = Debug|Any CPU
		{78FD1B80-809A-44DD-8964-E7FD05AB0AA8}.Release|Any CPU.ActiveCfg = Release|Any CPU
		{78FD1B80-809A-44DD-8964-E7FD05AB0AA8}.Release|Any CPU.Build.0 = Release|Any CPU
	EndGlobalSection
	GlobalSection(SolutionProperties) = preSolution
		HideSolutionNode = FALSE
	EndGlobalSection
	GlobalSection(ExtensibilityGlobals) = postSolution
		SolutionGuid = {CD5BA8FB-6D3D-40EE-80AA-69AF3139B9F4}
	EndGlobalSection
EndGlobal
